# This file is automatically @generated by Cargo.
# It is not intended for manual editing.
[[package]]
name = "assert_no_alloc"
version = "0.1.0"
source = "git+https://github.com/Windfisch/rust-assert-no-alloc#3aadd93f6232415bfee24999e74b7c658192b39b"

[[package]]
name = "bitflags"
version = "1.2.1"
source = "registry+https://github.com/rust-lang/crates.io-index"
checksum = "cf1de2fe8c75bc145a2f577add951f8134889b4795d47466a54a5c846d691693"

[[package]]
name = "jack"
version = "0.6.2"
source = "registry+https://github.com/rust-lang/crates.io-index"
checksum = "385739905427d1bdb561fa018a0a8e26fc023b7eeb975a1a0150512ff828f736"
dependencies = [
 "bitflags",
 "jack-sys",
 "lazy_static",
 "libc",
]

[[package]]
name = "jack-sys"
version = "0.2.0"
source = "registry+https://github.com/rust-lang/crates.io-index"
checksum = "c0d4ca501477fd3cd93a36df581046e5d6338ed826cf7e9b8d302603521e6cc3"
dependencies = [
 "lazy_static",
 "libc",
 "libloading",
]

[[package]]
name = "kernel32-sys"
version = "0.2.2"
source = "registry+https://github.com/rust-lang/crates.io-index"
checksum = "7507624b29483431c0ba2d82aece8ca6cdba9382bff4ddd0f7490560c056098d"
dependencies = [
 "winapi",
 "winapi-build",
]

[[package]]
name = "lazy_static"
version = "1.4.0"
source = "registry+https://github.com/rust-lang/crates.io-index"
checksum = "e2abad23fbc42b3700f2f279844dc832adb2b2eb069b2df918f455c4e18cc646"

[[package]]
name = "libc"
version = "0.2.71"
source = "registry+https://github.com/rust-lang/crates.io-index"
checksum = "9457b06509d27052635f90d6466700c65095fdf75409b3fbdd903e988b886f49"

[[package]]
name = "libloading"
version = "0.4.3"
source = "registry+https://github.com/rust-lang/crates.io-index"
checksum = "fd38073de8f7965d0c17d30546d4bb6da311ab428d1c7a3fc71dff7f9d4979b9"
dependencies = [
 "kernel32-sys",
 "lazy_static",
 "winapi",
]

[[package]]
name = "lockfree"
version = "0.5.1"
source = "registry+https://github.com/rust-lang/crates.io-index"
checksum = "74ee94b5ad113c7cb98c5a040f783d0952ee4fe100993881d1673c2cb002dd23"
dependencies = [
 "owned-alloc",
]

[[package]]
name = "loopfisch"
version = "0.1.0"
dependencies = [
 "assert_no_alloc",
 "jack",
 "lockfree",
]

[[package]]
name = "owned-alloc"
version = "0.2.0"
source = "registry+https://github.com/rust-lang/crates.io-index"
checksum = "30fceb411f9a12ff9222c5f824026be368ff15dc2f13468d850c7d3f502205d6"

[[package]]
name = "winapi"
version = "0.2.8"
source = "registry+https://github.com/rust-lang/crates.io-index"
checksum = "167dc9d6949a9b857f3451275e911c3f44255842c1f7a76f33c55103a909087a"

[[package]]
name = "winapi-build"
version = "0.1.1"
source = "registry+https://github.com/rust-lang/crates.io-index"
checksum = "2d315eee3b34aca4797b2da6b13ed88266e6d612562a0c46390af8299fc699bc"
